
Microsoft Visual Studio Solution File, Format Version 12.00
# Visual Studio Version 17
VisualStudioVersion = 17.8.34408.163
MinimumVisualStudioVersion = 10.0.40219.1
Project("{FAE04EC0-301F-11D3-BF4B-00C04F79EFBC}") = "Mission11_Hansen", "Mission11_Hansen.csproj", "{8D43C92D-C2CB-4C15-B61E-587A79EE8922}"
EndProject
Global
	GlobalSection(SolutionConfigurationPlatforms) = preSolution
		Debug|Any CPU = Debug|Any CPU
		Release|Any CPU = Release|Any CPU
	EndGlobalSection
	GlobalSection(ProjectConfigurationPlatforms) = postSolution
		{8D43C92D-C2CB-4C15-B61E-587A79EE8922}.Debug|Any CPU.ActiveCfg = Debug|Any CPU
		{8D43C92D-C2CB-4C15-B61E-587A79EE8922}.Debug|Any CPU.Build.0 = Debug|Any CPU
		{8D43C92D-C2CB-4C15-B61E-587A79EE8922}.Release|Any CPU.ActiveCfg = Release|Any CPU
		{8D43C92D-C2CB-4C15-B61E-587A79EE8922}.Release|Any CPU.Build.0 = Release|Any CPU
	EndGlobalSection
	GlobalSection(SolutionProperties) = preSolution
		HideSolutionNode = FALSE
	EndGlobalSection
	GlobalSection(ExtensibilityGlobals) = postSolution
		SolutionGuid = {04B0291D-EE47-4840-9A11-6D3546517DAE}
	EndGlobalSection
EndGlobal
